// !$*UTF8*$!
{
	archiveVersion = 1;
	classes = {
	};
	objectVersion = 46;
	objects = {

/* Begin PBXBuildFile section */
		79E5EE181E5FD7D15710677E /* libPods.a in Frameworks */ = {isa = PBXBuildFile; fileRef = 6AE4140357E99EB38716CA16 /* libPods.a */; };
		DBC0EE341D4B02FA007E3D02 /* AppDelegate.swift in Sources */ = {isa = PBXBuildFile; fileRef = DBC0EE331D4B02FA007E3D02 /* AppDelegate.swift */; };
		DBC0EE361D4B02FA007E3D02 /* ViewController.swift in Sources */ = {isa = PBXBuildFile; fileRef = DBC0EE351D4B02FA007E3D02 /* ViewController.swift */; };
		DBC0EE391D4B02FA007E3D02 /* Main.storyboard in Resources */ = {isa = PBXBuildFile; fileRef = DBC0EE371D4B02FA007E3D02 /* Main.storyboard */; };
		DBC0EE3B1D4B02FA007E3D02 /* Assets.xcassets in Resources */ = {isa = PBXBuildFile; fileRef = DBC0EE3A1D4B02FA007E3D02 /* Assets.xcassets */; };
		DBC0EE3E1D4B02FA007E3D02 /* LaunchScreen.storyboard in Resources */ = {isa = PBXBuildFile; fileRef = DBC0EE3C1D4B02FA007E3D02 /* LaunchScreen.storyboard */; };
		DBC0EE4D1D4B03FD007E3D02 /* NBGoogleService.h in Headers */ = {isa = PBXBuildFile; fileRef = DBC0EE4C1D4B03FD007E3D02 /* NBGoogleService.h */; settings = {ATTRIBUTES = (Public, ); }; };
		DBC0EE511D4B03FD007E3D02 /* NBGoogleService.framework in Frameworks */ = {isa = PBXBuildFile; fileRef = DBC0EE4A1D4B03FD007E3D02 /* NBGoogleService.framework */; };
		DBC0EE521D4B03FD007E3D02 /* NBGoogleService.framework in Embed Frameworks */ = {isa = PBXBuildFile; fileRef = DBC0EE4A1D4B03FD007E3D02 /* NBGoogleService.framework */; settings = {ATTRIBUTES = (CodeSignOnCopy, RemoveHeadersOnCopy, ); }; };
		DBC0EE581D4B0AFD007E3D02 /* NBGoogleService.swift in Sources */ = {isa = PBXBuildFile; fileRef = DBC0EE571D4B0AFD007E3D02 /* NBGoogleService.swift */; };
/* End PBXBuildFile section */

/* Begin PBXContainerItemProxy section */
		DBC0EE4F1D4B03FD007E3D02 /* PBXContainerItemProxy */ = {
			isa = PBXContainerItemProxy;
			containerPortal = DBC0EE281D4B02FA007E3D02 /* Project object */;
			proxyType = 1;
			remoteGlobalIDString = DBC0EE491D4B03FD007E3D02;
			remoteInfo = NBGoogleService;
		};
/* End PBXContainerItemProxy section */

/* Begin PBXCopyFilesBuildPhase section */
		DBC0EE561D4B03FD007E3D02 /* Embed Frameworks */ = {
			isa = PBXCopyFilesBuildPhase;
			buildActionMask = 2147483647;
			dstPath = "";
			dstSubfolderSpec = 10;
			files = (
				DBC0EE521D4B03FD007E3D02 /* NBGoogleService.framework in Embed Frameworks */,
			);
			name = "Embed Frameworks";
			runOnlyForDeploymentPostprocessing = 0;
		};
/* End PBXCopyFilesBuildPhase section */

/* Begin PBXFileReference section */
		07D9BEB6CBFDDEA7159EE032 /* Pods.release.xcconfig */ = {isa = PBXFileReference; includeInIndex = 1; lastKnownFileType = text.xcconfig; name = Pods.release.xcconfig; path = "Pods/Target Support Files/Pods/Pods.release.xcconfig"; sourceTree = "<group>"; };
		6AE4140357E99EB38716CA16 /* libPods.a */ = {isa = PBXFileReference; explicitFileType = archive.ar; includeInIndex = 0; path = libPods.a; sourceTree = BUILT_PRODUCTS_DIR; };
		DBC0EE301D4B02FA007E3D02 /* NBGoogleServiceDemo.app */ = {isa = PBXFileReference; explicitFileType = wrapper.application; includeInIndex = 0; path = NBGoogleServiceDemo.app; sourceTree = BUILT_PRODUCTS_DIR; };
		DBC0EE331D4B02FA007E3D02 /* AppDelegate.swift */ = {isa = PBXFileReference; lastKnownFileType = sourcecode.swift; path = AppDelegate.swift; sourceTree = "<group>"; };
		DBC0EE351D4B02FA007E3D02 /* ViewController.swift */ = {isa = PBXFileReference; lastKnownFileType = sourcecode.swift; path = ViewController.swift; sourceTree = "<group>"; };
		DBC0EE381D4B02FA007E3D02 /* Base */ = {isa = PBXFileReference; lastKnownFileType = file.storyboard; name = Base; path = Base.lproj/Main.storyboard; sourceTree = "<group>"; };
		DBC0EE3A1D4B02FA007E3D02 /* Assets.xcassets */ = {isa = PBXFileReference; lastKnownFileType = folder.assetcatalog; path = Assets.xcassets; sourceTree = "<group>"; };
		DBC0EE3D1D4B02FA007E3D02 /* Base */ = {isa = PBXFileReference; lastKnownFileType = file.storyboard; name = Base; path = Base.lproj/LaunchScreen.storyboard; sourceTree = "<group>"; };
		DBC0EE3F1D4B02FA007E3D02 /* Info.plist */ = {isa = PBXFileReference; lastKnownFileType = text.plist.xml; path = Info.plist; sourceTree = "<group>"; };
		DBC0EE4A1D4B03FD007E3D02 /* NBGoogleService.framework */ = {isa = PBXFileReference; explicitFileType = wrapper.framework; includeInIndex = 0; path = NBGoogleService.framework; sourceTree = BUILT_PRODUCTS_DIR; };
		DBC0EE4C1D4B03FD007E3D02 /* NBGoogleService.h */ = {isa = PBXFileReference; lastKnownFileType = sourcecode.c.h; path = NBGoogleService.h; sourceTree = "<group>"; };
		DBC0EE4E1D4B03FD007E3D02 /* Info.plist */ = {isa = PBXFileReference; lastKnownFileType = text.plist.xml; path = Info.plist; sourceTree = "<group>"; };
		DBC0EE571D4B0AFD007E3D02 /* NBGoogleService.swift */ = {isa = PBXFileReference; fileEncoding = 4; lastKnownFileType = sourcecode.swift; path = NBGoogleService.swift; sourceTree = "<group>"; };
		F3C409A69ABFA8E39E33E041 /* Pods.debug.xcconfig */ = {isa = PBXFileReference; includeInIndex = 1; lastKnownFileType = text.xcconfig; name = Pods.debug.xcconfig; path = "Pods/Target Support Files/Pods/Pods.debug.xcconfig"; sourceTree = "<group>"; };
/* End PBXFileReference section */

/* Begin PBXFrameworksBuildPhase section */
		DBC0EE2D1D4B02FA007E3D02 /* Frameworks */ = {
			isa = PBXFrameworksBuildPhase;
			buildActionMask = 2147483647;
			files = (
				79E5EE181E5FD7D15710677E /* libPods.a in Frameworks */,
				DBC0EE511D4B03FD007E3D02 /* NBGoogleService.framework in Frameworks */,
			);
			runOnlyForDeploymentPostprocessing = 0;
		};
		DBC0EE461D4B03FD007E3D02 /* Frameworks */ = {
			isa = PBXFrameworksBuildPhase;
			buildActionMask = 2147483647;
			files = (
			);
			runOnlyForDeploymentPostprocessing = 0;
		};
/* End PBXFrameworksBuildPhase section */

/* Begin PBXGroup section */
		558BE028223A0D7403C7A2DD /* Frameworks */ = {
			isa = PBXGroup;
			children = (
				6AE4140357E99EB38716CA16 /* libPods.a */,
			);
			name = Frameworks;
			sourceTree = "<group>";
		};
		6A32A7BA668B53620794C84A /* Pods */ = {
			isa = PBXGroup;
			children = (
				F3C409A69ABFA8E39E33E041 /* Pods.debug.xcconfig */,
				07D9BEB6CBFDDEA7159EE032 /* Pods.release.xcconfig */,
			);
			name = Pods;
			sourceTree = "<group>";
		};
		DBC0EE271D4B02FA007E3D02 = {
			isa = PBXGroup;
			children = (
				DBC0EE321D4B02FA007E3D02 /* NBGoogleServiceDemo */,
				DBC0EE4B1D4B03FD007E3D02 /* NBGoogleService */,
				DBC0EE311D4B02FA007E3D02 /* Products */,
				6A32A7BA668B53620794C84A /* Pods */,
				558BE028223A0D7403C7A2DD /* Frameworks */,
			);
			sourceTree = "<group>";
		};
		DBC0EE311D4B02FA007E3D02 /* Products */ = {
			isa = PBXGroup;
			children = (
				DBC0EE301D4B02FA007E3D02 /* NBGoogleServiceDemo.app */,
				DBC0EE4A1D4B03FD007E3D02 /* NBGoogleService.framework */,
			);
			name = Products;
			sourceTree = "<group>";
		};
		DBC0EE321D4B02FA007E3D02 /* NBGoogleServiceDemo */ = {
			isa = PBXGroup;
			children = (
				DBC0EE331D4B02FA007E3D02 /* AppDelegate.swift */,
				DBC0EE351D4B02FA007E3D02 /* ViewController.swift */,
				DBC0EE371D4B02FA007E3D02 /* Main.storyboard */,
				DBC0EE3A1D4B02FA007E3D02 /* Assets.xcassets */,
				DBC0EE3C1D4B02FA007E3D02 /* LaunchScreen.storyboard */,
				DBC0EE3F1D4B02FA007E3D02 /* Info.plist */,
			);
			path = NBGoogleServiceDemo;
			sourceTree = "<group>";
		};
		DBC0EE4B1D4B03FD007E3D02 /* NBGoogleService */ = {
			isa = PBXGroup;
			children = (
				DBC0EE571D4B0AFD007E3D02 /* NBGoogleService.swift */,
				DBC0EE4C1D4B03FD007E3D02 /* NBGoogleService.h */,
				DBC0EE4E1D4B03FD007E3D02 /* Info.plist */,
			);
			path = NBGoogleService;
			sourceTree = "<group>";
		};
/* End PBXGroup section */

/* Begin PBXHeadersBuildPhase section */
		DBC0EE471D4B03FD007E3D02 /* Headers */ = {
			isa = PBXHeadersBuildPhase;
			buildActionMask = 2147483647;
			files = (
				DBC0EE4D1D4B03FD007E3D02 /* NBGoogleService.h in Headers */,
			);
			runOnlyForDeploymentPostprocessing = 0;
		};
/* End PBXHeadersBuildPhase section */

/* Begin PBXNativeTarget section */
		DBC0EE2F1D4B02FA007E3D02 /* NBGoogleServiceDemo */ = {
			isa = PBXNativeTarget;
			buildConfigurationList = DBC0EE421D4B02FA007E3D02 /* Build configuration list for PBXNativeTarget "NBGoogleServiceDemo" */;
			buildPhases = (
				7660DF31550270F3AE8CEEAF /* Check Pods Manifest.lock */,
				DBC0EE2C1D4B02FA007E3D02 /* Sources */,
				DBC0EE2D1D4B02FA007E3D02 /* Frameworks */,
				DBC0EE2E1D4B02FA007E3D02 /* Resources */,
				ADD3FC1469AECAAD6A411C29 /* Embed Pods Frameworks */,
				C86D98A24D1F16A2E40DB963 /* Copy Pods Resources */,
				DBC0EE561D4B03FD007E3D02 /* Embed Frameworks */,
			);
			buildRules = (
			);
			dependencies = (
				DBC0EE501D4B03FD007E3D02 /* PBXTargetDependency */,
			);
			name = NBGoogleServiceDemo;
			productName = NBGoogleServiceDemo;
			productReference = DBC0EE301D4B02FA007E3D02 /* NBGoogleServiceDemo.app */;
			productType = "com.apple.product-type.application";
		};
		DBC0EE491D4B03FD007E3D02 /* NBGoogleService */ = {
			isa = PBXNativeTarget;
			buildConfigurationList = DBC0EE551D4B03FD007E3D02 /* Build configuration list for PBXNativeTarget "NBGoogleService" */;
			buildPhases = (
				DBC0EE451D4B03FD007E3D02 /* Sources */,
				DBC0EE461D4B03FD007E3D02 /* Frameworks */,
				DBC0EE471D4B03FD007E3D02 /* Headers */,
				DBC0EE481D4B03FD007E3D02 /* Resources */,
			);
			buildRules = (
			);
			dependencies = (
			);
			name = NBGoogleService;
			productName = NBGoogleService;
			productReference = DBC0EE4A1D4B03FD007E3D02 /* NBGoogleService.framework */;
			productType = "com.apple.product-type.framework";
		};
/* End PBXNativeTarget section */

/* Begin PBXProject section */
		DBC0EE281D4B02FA007E3D02 /* Project object */ = {
			isa = PBXProject;
			attributes = {
				LastSwiftUpdateCheck = 0730;
				LastUpgradeCheck = 0730;
				ORGANIZATIONNAME = "yuichi.nakayasu@gmail.com";
				TargetAttributes = {
					DBC0EE2F1D4B02FA007E3D02 = {
						CreatedOnToolsVersion = 7.3.1;
					};
					DBC0EE491D4B03FD007E3D02 = {
						CreatedOnToolsVersion = 7.3.1;
					};
				};
			};
			buildConfigurationList = DBC0EE2B1D4B02FA007E3D02 /* Build configuration list for PBXProject "NBGoogleServiceDemo" */;
			compatibilityVersion = "Xcode 3.2";
			developmentRegion = English;
			hasScannedForEncodings = 0;
			knownRegions = (
				en,
				Base,
			);
			mainGroup = DBC0EE271D4B02FA007E3D02;
			productRefGroup = DBC0EE311D4B02FA007E3D02 /* Products */;
			projectDirPath = "";
			projectRoot = "";
			targets = (
				DBC0EE2F1D4B02FA007E3D02 /* NBGoogleServiceDemo */,
				DBC0EE491D4B03FD007E3D02 /* NBGoogleService */,
			);
		};
/* End PBXProject section */

/* Begin PBXResourcesBuildPhase section */
		DBC0EE2E1D4B02FA007E3D02 /* Resources */ = {
			isa = PBXResourcesBuildPhase;
			buildActionMask = 2147483647;
			files = (
				DBC0EE3E1D4B02FA007E3D02 /* LaunchScreen.storyboard in Resources */,
				DBC0EE3B1D4B02FA007E3D02 /* Assets.xcassets in Resources */,
				DBC0EE391D4B02FA007E3D02 /* Main.storyboard in Resources */,
			);
			runOnlyForDeploymentPostprocessing = 0;
		};
		DBC0EE481D4B03FD007E3D02 /* Resources */ = {
			isa = PBXResourcesBuildPhase;
			buildActionMask = 2147483647;
			files = (
			);
			runOnlyForDeploymentPostprocessing = 0;
		};
/* End PBXResourcesBuildPhase section */

/* Begin PBXShellScriptBuildPhase section */
		7660DF31550270F3AE8CEEAF /* Check Pods Manifest.lock */ = {
			isa = PBXShellScriptBuildPhase;
			buildActionMask = 2147483647;
			files = (
			);
			inputPaths = (
			);
			name = "Check Pods Manifest.lock";
			outputPaths = (
			);
			runOnlyForDeploymentPostprocessing = 0;
			shellPath = /bin/sh;
			shellScript = "diff \"${PODS_ROOT}/../Podfile.lock\" \"${PODS_ROOT}/Manifest.lock\" > /dev/null\nif [[ $? != 0 ]] ; then\n    cat << EOM\nerror: The sandbox is not in sync with the Podfile.lock. Run 'pod install' or update your CocoaPods installation.\nEOM\n    exit 1\nfi\n";
			showEnvVarsInLog = 0;
		};
		ADD3FC1469AECAAD6A411C29 /* Embed Pods Frameworks */ = {
			isa = PBXShellScriptBuildPhase;
			buildActionMask = 2147483647;
			files = (
			);
			inputPaths = (
			);
			name = "Embed Pods Frameworks";
			outputPaths = (
			);
			runOnlyForDeploymentPostprocessing = 0;
			shellPath = /bin/sh;
			shellScript = "\"${SRCROOT}/Pods/Target Support Files/Pods/Pods-frameworks.sh\"\n";
			showEnvVarsInLog = 0;
		};
		C86D98A24D1F16A2E40DB963 /* Copy Pods Resources */ = {
			isa = PBXShellScriptBuildPhase;
			buildActionMask = 2147483647;
			files = (
			);
			inputPaths = (
			);
			name = "Copy Pods Resources";
			outputPaths = (
			);
			runOnlyForDeploymentPostprocessing = 0;
			shellPath = /bin/sh;
			shellScript = "\"${SRCROOT}/Pods/Target Support Files/Pods/Pods-resources.sh\"\n";
			showEnvVarsInLog = 0;
		};
/* End PBXShellScriptBuildPhase section */

/* Begin PBXSourcesBuildPhase section */
		DBC0EE2C1D4B02FA007E3D02 /* Sources */ = {
			isa = PBXSourcesBuildPhase;
			buildActionMask = 2147483647;
			files = (
				DBC0EE361D4B02FA007E3D02 /* ViewController.swift in Sources */,
				DBC0EE341D4B02FA007E3D02 /* AppDelegate.swift in Sources */,
			);
			runOnlyForDeploymentPostprocessing = 0;
		};
		DBC0EE451D4B03FD007E3D02 /* Sources */ = {
			isa = PBXSourcesBuildPhase;
			buildActionMask = 2147483647;
			files = (
				DBC0EE581D4B0AFD007E3D02 /* NBGoogleService.swift in Sources */,
			);
			runOnlyForDeploymentPostprocessing = 0;
		};
/* End PBXSourcesBuildPhase section */

/* Begin PBXTargetDependency section */
		DBC0EE501D4B03FD007E3D02 /* PBXTargetDependency */ = {
			isa = PBXTargetDependency;
			target = DBC0EE491D4B03FD007E3D02 /* NBGoogleService */;
			targetProxy = DBC0EE4F1D4B03FD007E3D02 /* PBXContainerItemProxy */;
		};
/* End PBXTargetDependency section */

/* Begin PBXVariantGroup section */
		DBC0EE371D4B02FA007E3D02 /* Main.storyboard */ = {
			isa = PBXVariantGroup;
			children = (
				DBC0EE381D4B02FA007E3D02 /* Base */,
			);
			name = Main.storyboard;
			sourceTree = "<group>";
		};
		DBC0EE3C1D4B02FA007E3D02 /* LaunchScreen.storyboard */ = {
			isa = PBXVariantGroup;
			children = (
				DBC0EE3D1D4B02FA007E3D02 /* Base */,
			);
			name = LaunchScreen.storyboard;
			sourceTree = "<group>";
		};
/* End PBXVariantGroup section */

/* Begin XCBuildConfiguration section */
		DBC0EE401D4B02FA007E3D02 /* Debug */ = {
			isa = XCBuildConfiguration;
			buildSettings = {
				ALWAYS_SEARCH_USER_PATHS = NO;
				CLANG_ANALYZER_NONNULL = YES;
				CLANG_CXX_LANGUAGE_STANDARD = "gnu++0x";
				CLANG_CXX_LIBRARY = "libc++";
				CLANG_ENABLE_MODULES = YES;
				CLANG_ENABLE_OBJC_ARC = YES;
				CLANG_WARN_BOOL_CONVERSION = YES;
				CLANG_WARN_CONSTANT_CONVERSION = YES;
				CLANG_WARN_DIRECT_OBJC_ISA_USAGE = YES_ERROR;
				CLANG_WARN_EMPTY_BODY = YES;
				CLANG_WARN_ENUM_CONVERSION = YES;
				CLANG_WARN_INT_CONVERSION = YES;
				CLANG_WARN_OBJC_ROOT_CLASS = YES_ERROR;
				CLANG_WARN_UNREACHABLE_CODE = YES;
				CLANG_WARN__DUPLICATE_METHOD_MATCH = YES;
				"CODE_SIGN_IDENTITY[sdk=iphoneos*]" = "iPhone Developer";
				COPY_PHASE_STRIP = NO;
				DEBUG_INFORMATION_FORMAT = dwarf;
				ENABLE_STRICT_OBJC_MSGSEND = YES;
				ENABLE_TESTABILITY = YES;
				GCC_C_LANGUAGE_STANDARD = gnu99;
				GCC_DYNAMIC_NO_PIC = NO;
				GCC_NO_COMMON_BLOCKS = YES;
				GCC_OPTIMIZATION_LEVEL = 0;
				GCC_PREPROCESSOR_DEFINITIONS = (
					"DEBUG=1",
					"$(inherited)",
				);
				GCC_WARN_64_TO_32_BIT_CONVERSION = YES;
				GCC_WARN_ABOUT_RETURN_TYPE = YES_ERROR;
				GCC_WARN_UNDECLARED_SELECTOR = YES;
				GCC_WARN_UNINITIALIZED_AUTOS = YES_AGGRESSIVE;
				GCC_WARN_UNUSED_FUNCTION = YES;
				GCC_WARN_UNUSED_VARIABLE = YES;
				IPHONEOS_DEPLOYMENT_TARGET = 9.3;
				MTL_ENABLE_DEBUG_INFO = YES;
				ONLY_ACTIVE_ARCH = YES;
				SDKROOT = iphoneos;
				SWIFT_OPTIMIZATION_LEVEL = "-Onone";
			};
			name = Debug;
		};
		DBC0EE411D4B02FA007E3D02 /* Release */ = {
			isa = XCBuildConfiguration;
			buildSettings = {
				ALWAYS_SEARCH_USER_PATHS = NO;
				CLANG_ANALYZER_NONNULL = YES;
				CLANG_CXX_LANGUAGE_STANDARD = "gnu++0x";
				CLANG_CXX_LIBRARY = "libc++";
				CLANG_ENABLE_MODULES = YES;
				CLANG_ENABLE_OBJC_ARC = YES;
				CLANG_WARN_BOOL_CONVERSION = YES;
				CLANG_WARN_CONSTANT_CONVERSION = YES;
				CLANG_WARN_DIRECT_OBJC_ISA_USAGE = YES_ERROR;
				CLANG_WARN_EMPTY_BODY = YES;
				CLANG_WARN_ENUM_CONVERSION = YES;
				CLANG_WARN_INT_CONVERSION = YES;
				CLANG_WARN_OBJC_ROOT_CLASS = YES_ERROR;
				CLANG_WARN_UNREACHABLE_CODE = YES;
				CLANG_WARN__DUPLICATE_METHOD_MATCH = YES;
				"CODE_SIGN_IDENTITY[sdk=iphoneos*]" = "iPhone Developer";
				COPY_PHASE_STRIP = NO;
				DEBUG_INFORMATION_FORMAT = "dwarf-with-dsym";
				ENABLE_NS_ASSERTIONS = NO;
				ENABLE_STRICT_OBJC_MSGSEND = YES;
				GCC_C_LANGUAGE_STANDARD = gnu99;
				GCC_NO_COMMON_BLOCKS = YES;
				GCC_WARN_64_TO_32_BIT_CONVERSION = YES;
				GCC_WARN_ABOUT_RETURN_TYPE = YES_ERROR;
				GCC_WARN_UNDECLARED_SELECTOR = YES;
				GCC_WARN_UNINITIALIZED_AUTOS = YES_AGGRESSIVE;
				GCC_WARN_UNUSED_FUNCTION = YES;
				GCC_WARN_UNUSED_VARIABLE = YES;
				IPHONEOS_DEPLOYMENT_TARGET = 9.3;
				MTL_ENABLE_DEBUG_INFO = NO;
				SDKROOT = iphoneos;
				VALIDATE_PRODUCT = YES;
			};
			name = Release;
		};
		DBC0EE431D4B02FA007E3D02 /* Debug */ = {
			isa = XCBuildConfiguration;
			baseConfigurationReference = F3C409A69ABFA8E39E33E041 /* Pods.debug.xcconfig */;
			buildSettings = {
				ASSETCATALOG_COMPILER_APPICON_NAME = AppIcon;
				EMBEDDED_CONTENT_CONTAINS_SWIFT = YES;
				INFOPLIST_FILE = NBGoogleServiceDemo/Info.plist;
				LD_RUNPATH_SEARCH_PATHS = "$(inherited) @executable_path/Frameworks";
				PRODUCT_BUNDLE_IDENTIFIER = com.neroblu.ios.libs.NBGoogleServiceDemo;
				PRODUCT_NAME = "$(TARGET_NAME)";
			};
			name = Debug;
		};
		DBC0EE441D4B02FA007E3D02 /* Release */ = {
			isa = XCBuildConfiguration;
			baseConfigurationReference = 07D9BEB6CBFDDEA7159EE032 /* Pods.release.xcconfig */;
			buildSettings = {
				ASSETCATALOG_COMPILER_APPICON_NAME = AppIcon;
				EMBEDDED_CONTENT_CONTAINS_SWIFT = YES;
				INFOPLIST_FILE = NBGoogleServiceDemo/Info.plist;
				LD_RUNPATH_SEARCH_PATHS = "$(inherited) @executable_path/Frameworks";
				PRODUCT_BUNDLE_IDENTIFIER = com.neroblu.ios.libs.NBGoogleServiceDemo;
				PRODUCT_NAME = "$(TARGET_NAME)";
			};
			name = Release;
		};
		DBC0EE531D4B03FD007E3D02 /* Debug */ = {
			isa = XCBuildConfiguration;
			buildSettings = {
				CLANG_ENABLE_MODULES = YES;
				CURRENT_PROJECT_VERSION = 1;
				DEFINES_MODULE = YES;
				DYLIB_COMPATIBILITY_VERSION = 1;
				DYLIB_CURRENT_VERSION = 1;
				DYLIB_INSTALL_NAME_BASE = "@rpath";
				INFOPLIST_FILE = NBGoogleService/Info.plist;
				INSTALL_PATH = "$(LOCAL_LIBRARY_DIR)/Frameworks";
				LD_RUNPATH_SEARCH_PATHS = "$(inherited) @executable_path/Frameworks @loader_path/Frameworks";
				PRODUCT_BUNDLE_IDENTIFIER = com.neroblu.ios.libs.NBGoogleService;
				PRODUCT_NAME = "$(TARGET_NAME)";
				SKIP_INSTALL = YES;
				SWIFT_OPTIMIZATION_LEVEL = "-Onone";
				TARGETED_DEVICE_FAMILY = "1,2";
				VERSIONING_SYSTEM = "apple-generic";
				VERSION_INFO_PREFIX = "";
			};
			name = Debug;
		};
		DBC0EE541D4B03FD007E3D02 /* Release */ = {
			isa = XCBuildConfiguration;
			buildSettings = {
				CLANG_ENABLE_MODULES = YES;
				CURRENT_PROJECT_VERSION = 1;
				DEFINES_MODULE = YES;
				DYLIB_COMPATIBILITY_VERSION = 1;
				DYLIB_CURRENT_VERSION = 1;
				DYLIB_INSTALL_NAME_BASE = "@rpath";
				INFOPLIST_FILE = NBGoogleService/Info.plist;
				INSTALL_PATH = "$(LOCAL_LIBRARY_DIR)/Frameworks";
				LD_RUNPATH_SEARCH_PATHS = "$(inherited) @executable_path/Frameworks @loader_path/Frameworks";
				PRODUCT_BUNDLE_IDENTIFIER = com.neroblu.ios.libs.NBGoogleService;
				PRODUCT_NAME = "$(TARGET_NAME)";
				SKIP_INSTALL = YES;
				TARGETED_DEVICE_FAMILY = "1,2";
				VERSIONING_SYSTEM = "apple-generic";
				VERSION_INFO_PREFIX = "";
			};
			name = Release;
		};
/* End XCBuildConfiguration section */

/* Begin XCConfigurationList section */
		DBC0EE2B1D4B02FA007E3D02 /* Build configuration list for PBXProject "NBGoogleServiceDemo" */ = {
			isa = XCConfigurationList;
			buildConfigurations = (
				DBC0EE401D4B02FA007E3D02 /* Debug */,
				DBC0EE411D4B02FA007E3D02 /* Release */,
			);
			defaultConfigurationIsVisible = 0;
			defaultConfigurationName = Release;
		};
		DBC0EE421D4B02FA007E3D02 /* Build configuration list for PBXNativeTarget "NBGoogleServiceDemo" */ = {
			isa = XCConfigurationList;
			buildConfigurations = (
				DBC0EE431D4B02FA007E3D02 /* Debug */,
				DBC0EE441D4B02FA007E3D02 /* Release */,
			);
			defaultConfigurationIsVisible = 0;
			defaultConfigurationName = Release;
		};
		DBC0EE551D4B03FD007E3D02 /* Build configuration list for PBXNativeTarget "NBGoogleService" */ = {
			isa = XCConfigurationList;
			buildConfigurations = (
				DBC0EE531D4B03FD007E3D02 /* Debug */,
				DBC0EE541D4B03FD007E3D02 /* Release */,
			);
			defaultConfigurationIsVisible = 0;
		};
/* End XCConfigurationList section */
	};
	rootObject = DBC0EE281D4B02FA007E3D02 /* Project object */;
}
